
Microsoft Visual Studio Solution File, Format Version 12.00
# Visual Studio Version 17
VisualStudioVersion = 17.4.33213.308
MinimumVisualStudioVersion = 10.0.40219.1
Project("{00D1A9C2-B5F0-4AF3-8072-F6C62B433612}") = "ESMDatabase", "ESMDatabase\ESMDatabase.sqlproj", "{F4A3F9B0-FD4B-4798-9F50-DC317FEC3CA2}"
EndProject
Project("{9A19103F-16F7-4668-BE54-9A1E7A4F7556}") = "ViewModels", "ViewModels\ViewModels.csproj", "{1F03D7AC-CB20-40CB-9E6A-23792F9CC9C9}"
EndProject
Project("{9A19103F-16F7-4668-BE54-9A1E7A4F7556}") = "StartUps", "StartUps\StartUps.csproj", "{2018F4A9-70B1-4593-AB90-59385119BC23}"
EndProject
Project("{9A19103F-16F7-4668-BE54-9A1E7A4F7556}") = "Models", "Models\Models.csproj", "{BEBA1266-383D-43B8-A284-86BF9AB4EFA3}"
EndProject
Project("{9A19103F-16F7-4668-BE54-9A1E7A4F7556}") = "ESM", "ESM\ESM.csproj", "{69BAE68C-9E25-4DD8-AD2F-1021AE23F3B3}"
EndProject
Project("{2150E333-8FDC-42A3-9474-1A3956D46DE8}") = "Modules", "Modules", "{CD6B3BB0-1566-414B-9456-80C675DD0E74}"
EndProject
Project("{9A19103F-16F7-4668-BE54-9A1E7A4F7556}") = "ESM.Modules.Authentication", "ESM.Modules.Authentication\ESM.Modules.Authentication.csproj", "{F38BD40F-4DB1-438B-A19C-0F8CD02BF495}"
EndProject
Project("{9A19103F-16F7-4668-BE54-9A1E7A4F7556}") = "ESM.Core", "ESM.Core\ESM.Core.csproj", "{FECCB6FF-F2F8-4BB2-87A8-D6CD9BE2E7E5}"
EndProject
Project("{9A19103F-16F7-4668-BE54-9A1E7A4F7556}") = "ESM.Modules.Normal", "ESM.Modules.Normal\ESM.Modules.Normal.csproj", "{7A684B6B-0527-424F-97F4-F55F6A7D5465}"
EndProject
Project("{9A19103F-16F7-4668-BE54-9A1E7A4F7556}") = "ESM.Modules.DataAccess", "ESM.Modules.DataAccess\ESM.Modules.DataAccess.csproj", "{38D3DB95-91A5-4066-91FB-04C1C6630CE3}"
EndProject
Project("{9A19103F-16F7-4668-BE54-9A1E7A4F7556}") = "Views", "Views\Views.csproj", "{7D59B157-03F3-4F5C-A9CF-7CC0CD14B195}"
EndProject
Project("{FAE04EC0-301F-11D3-BF4B-00C04F79EFBC}") = "ESM.Modules.Import", "ESM.Modules.Import\ESM.Modules.Import.csproj", "{5A5B6BE5-F9C4-491A-AB3D-4F6686E10A3F}"
EndProject
Project("{FAE04EC0-301F-11D3-BF4B-00C04F79EFBC}") = "ESM.Modules.Export", "ESM.Modules.Export\ESM.Modules.Export.csproj", "{980D5051-8992-460F-9B6A-8C359E5A07BC}"
EndProject
Global
	GlobalSection(SolutionConfigurationPlatforms) = preSolution
		Debug|Any CPU = Debug|Any CPU
		Release|Any CPU = Release|Any CPU
	EndGlobalSection
	GlobalSection(ProjectConfigurationPlatforms) = postSolution
		{F4A3F9B0-FD4B-4798-9F50-DC317FEC3CA2}.Debug|Any CPU.ActiveCfg = Debug|Any CPU
		{F4A3F9B0-FD4B-4798-9F50-DC317FEC3CA2}.Debug|Any CPU.Build.0 = Debug|Any CPU
		{F4A3F9B0-FD4B-4798-9F50-DC317FEC3CA2}.Debug|Any CPU.Deploy.0 = Debug|Any CPU
		{F4A3F9B0-FD4B-4798-9F50-DC317FEC3CA2}.Release|Any CPU.ActiveCfg = Release|Any CPU
		{F4A3F9B0-FD4B-4798-9F50-DC317FEC3CA2}.Release|Any CPU.Build.0 = Release|Any CPU
		{F4A3F9B0-FD4B-4798-9F50-DC317FEC3CA2}.Release|Any CPU.Deploy.0 = Release|Any CPU
		{1F03D7AC-CB20-40CB-9E6A-23792F9CC9C9}.Debug|Any CPU.ActiveCfg = Debug|Any CPU
		{1F03D7AC-CB20-40CB-9E6A-23792F9CC9C9}.Debug|Any CPU.Build.0 = Debug|Any CPU
		{1F03D7AC-CB20-40CB-9E6A-23792F9CC9C9}.Release|Any CPU.ActiveCfg = Release|Any CPU
		{1F03D7AC-CB20-40CB-9E6A-23792F9CC9C9}.Release|Any CPU.Build.0 = Release|Any CPU
		{2018F4A9-70B1-4593-AB90-59385119BC23}.Debug|Any CPU.ActiveCfg = Debug|Any CPU
		{2018F4A9-70B1-4593-AB90-59385119BC23}.Debug|Any CPU.Build.0 = Debug|Any CPU
		{2018F4A9-70B1-4593-AB90-59385119BC23}.Release|Any CPU.ActiveCfg = Release|Any CPU
		{2018F4A9-70B1-4593-AB90-59385119BC23}.Release|Any CPU.Build.0 = Release|Any CPU
		{BEBA1266-383D-43B8-A284-86BF9AB4EFA3}.Debug|Any CPU.ActiveCfg = Debug|Any CPU
		{BEBA1266-383D-43B8-A284-86BF9AB4EFA3}.Debug|Any CPU.Build.0 = Debug|Any CPU
		{BEBA1266-383D-43B8-A284-86BF9AB4EFA3}.Release|Any CPU.ActiveCfg = Release|Any CPU
		{BEBA1266-383D-43B8-A284-86BF9AB4EFA3}.Release|Any CPU.Build.0 = Release|Any CPU
		{69BAE68C-9E25-4DD8-AD2F-1021AE23F3B3}.Debug|Any CPU.ActiveCfg = Debug|Any CPU
		{69BAE68C-9E25-4DD8-AD2F-1021AE23F3B3}.Debug|Any CPU.Build.0 = Debug|Any CPU
		{69BAE68C-9E25-4DD8-AD2F-1021AE23F3B3}.Release|Any CPU.ActiveCfg = Release|Any CPU
		{69BAE68C-9E25-4DD8-AD2F-1021AE23F3B3}.Release|Any CPU.Build.0 = Release|Any CPU
		{F38BD40F-4DB1-438B-A19C-0F8CD02BF495}.Debug|Any CPU.ActiveCfg = Debug|Any CPU
		{F38BD40F-4DB1-438B-A19C-0F8CD02BF495}.Debug|Any CPU.Build.0 = Debug|Any CPU
		{F38BD40F-4DB1-438B-A19C-0F8CD02BF495}.Release|Any CPU.ActiveCfg = Release|Any CPU
		{F38BD40F-4DB1-438B-A19C-0F8CD02BF495}.Release|Any CPU.Build.0 = Release|Any CPU
		{FECCB6FF-F2F8-4BB2-87A8-D6CD9BE2E7E5}.Debug|Any CPU.ActiveCfg = Debug|Any CPU
		{FECCB6FF-F2F8-4BB2-87A8-D6CD9BE2E7E5}.Debug|Any CPU.Build.0 = Debug|Any CPU
		{FECCB6FF-F2F8-4BB2-87A8-D6CD9BE2E7E5}.Release|Any CPU.ActiveCfg = Release|Any CPU
		{FECCB6FF-F2F8-4BB2-87A8-D6CD9BE2E7E5}.Release|Any CPU.Build.0 = Release|Any CPU
		{7A684B6B-0527-424F-97F4-F55F6A7D5465}.Debug|Any CPU.ActiveCfg = Debug|Any CPU
		{7A684B6B-0527-424F-97F4-F55F6A7D5465}.Debug|Any CPU.Build.0 = Debug|Any CPU
		{7A684B6B-0527-424F-97F4-F55F6A7D5465}.Release|Any CPU.ActiveCfg = Release|Any CPU
		{7A684B6B-0527-424F-97F4-F55F6A7D5465}.Release|Any CPU.Build.0 = Release|Any CPU
		{38D3DB95-91A5-4066-91FB-04C1C6630CE3}.Debug|Any CPU.ActiveCfg = Debug|Any CPU
		{38D3DB95-91A5-4066-91FB-04C1C6630CE3}.Debug|Any CPU.Build.0 = Debug|Any CPU
		{38D3DB95-91A5-4066-91FB-04C1C6630CE3}.Release|Any CPU.ActiveCfg = Release|Any CPU
		{38D3DB95-91A5-4066-91FB-04C1C6630CE3}.Release|Any CPU.Build.0 = Release|Any CPU
		{7D59B157-03F3-4F5C-A9CF-7CC0CD14B195}.Debug|Any CPU.ActiveCfg = Debug|Any CPU
		{7D59B157-03F3-4F5C-A9CF-7CC0CD14B195}.Debug|Any CPU.Build.0 = Debug|Any CPU
		{7D59B157-03F3-4F5C-A9CF-7CC0CD14B195}.Release|Any CPU.ActiveCfg = Release|Any CPU
		{7D59B157-03F3-4F5C-A9CF-7CC0CD14B195}.Release|Any CPU.Build.0 = Release|Any CPU
		{5A5B6BE5-F9C4-491A-AB3D-4F6686E10A3F}.Debug|Any CPU.ActiveCfg = Debug|Any CPU
		{5A5B6BE5-F9C4-491A-AB3D-4F6686E10A3F}.Debug|Any CPU.Build.0 = Debug|Any CPU
		{5A5B6BE5-F9C4-491A-AB3D-4F6686E10A3F}.Release|Any CPU.ActiveCfg = Release|Any CPU
		{5A5B6BE5-F9C4-491A-AB3D-4F6686E10A3F}.Release|Any CPU.Build.0 = Release|Any CPU
		{980D5051-8992-460F-9B6A-8C359E5A07BC}.Debug|Any CPU.ActiveCfg = Debug|Any CPU
		{980D5051-8992-460F-9B6A-8C359E5A07BC}.Debug|Any CPU.Build.0 = Debug|Any CPU
		{980D5051-8992-460F-9B6A-8C359E5A07BC}.Release|Any CPU.ActiveCfg = Release|Any CPU
		{980D5051-8992-460F-9B6A-8C359E5A07BC}.Release|Any CPU.Build.0 = Release|Any CPU
	EndGlobalSection
	GlobalSection(SolutionProperties) = preSolution
		HideSolutionNode = FALSE
	EndGlobalSection
	GlobalSection(NestedProjects) = preSolution
		{F38BD40F-4DB1-438B-A19C-0F8CD02BF495} = {CD6B3BB0-1566-414B-9456-80C675DD0E74}
		{7A684B6B-0527-424F-97F4-F55F6A7D5465} = {CD6B3BB0-1566-414B-9456-80C675DD0E74}
		{38D3DB95-91A5-4066-91FB-04C1C6630CE3} = {CD6B3BB0-1566-414B-9456-80C675DD0E74}
		{5A5B6BE5-F9C4-491A-AB3D-4F6686E10A3F} = {CD6B3BB0-1566-414B-9456-80C675DD0E74}
		{980D5051-8992-460F-9B6A-8C359E5A07BC} = {CD6B3BB0-1566-414B-9456-80C675DD0E74}
	EndGlobalSection
	GlobalSection(ExtensibilityGlobals) = postSolution
		SolutionGuid = {7519CD32-FCCB-4F8A-9F84-610AC36D3484}
	EndGlobalSection
EndGlobal
